<Solution>
  <Folder Name="/Contexts/" />
  <Folder Name="/Contexts/Appointments/">
    <Project Path="contexts/appointments/Devclinic.Appointments.Tests/Devclinic.Appointments.Tests.csproj" />
    <Project Path="contexts/Appointments/Devclinic.Appointments/Devclinic.Appointments.csproj" />
  </Folder>
  <Folder Name="/Contexts/MedicalRecords/">
    <Project Path="contexts/medical-records/Devclinic.MedicalRecords.Tests/Devclinic.MedicalRecords.Tests.csproj" />
    <Project Path="contexts/medical-records/Devclinic.MedicalRecords/Devclinic.MedicalRecords.csproj" />
  </Folder>
</Solution>
